
Microsoft Visual Studio Solution File, Format Version 12.00
# Visual Studio 14
VisualStudioVersion = 14.0.24720.0
MinimumVisualStudioVersion = 10.0.40219.1
Project("{FAE04EC0-301F-11D3-BF4B-00C04F79EFBC}") = "MathNotationConverter", "MathNotationConverter\MathNotationConverter.csproj", "{D2A96391-5A4C-4D73-8BF8-3847BB4E176D}"
EndProject
Project("{FAE04EC0-301F-11D3-BF4B-00C04F79EFBC}") = "MathNotationParserTests", "MathNotationParserTests\MathNotationParserTests.csproj", "{C62D1A95-87D8-4343-B8E4-0A970EE911B5}"
EndProject
Global
	GlobalSection(SolutionConfigurationPlatforms) = preSolution
		Debug|Any CPU = Debug|Any CPU
		Release|Any CPU = Release|Any CPU
	EndGlobalSection
	GlobalSection(ProjectConfigurationPlatforms) = postSolution
		{D2A96391-5A4C-4D73-8BF8-3847BB4E176D}.Debug|Any CPU.ActiveCfg = Debug|Any CPU
		{D2A96391-5A4C-4D73-8BF8-3847BB4E176D}.Debug|Any CPU.Build.0 = Debug|Any CPU
		{D2A96391-5A4C-4D73-8BF8-3847BB4E176D}.Release|Any CPU.ActiveCfg = Release|Any CPU
		{D2A96391-5A4C-4D73-8BF8-3847BB4E176D}.Release|Any CPU.Build.0 = Release|Any CPU
		{C62D1A95-87D8-4343-B8E4-0A970EE911B5}.Debug|Any CPU.ActiveCfg = Debug|Any CPU
		{C62D1A95-87D8-4343-B8E4-0A970EE911B5}.Debug|Any CPU.Build.0 = Debug|Any CPU
		{C62D1A95-87D8-4343-B8E4-0A970EE911B5}.Release|Any CPU.ActiveCfg = Release|Any CPU
		{C62D1A95-87D8-4343-B8E4-0A970EE911B5}.Release|Any CPU.Build.0 = Release|Any CPU
	EndGlobalSection
	GlobalSection(SolutionProperties) = preSolution
		HideSolutionNode = FALSE
	EndGlobalSection
EndGlobal
